{
  "object": {
    "pins": [
      {
        "package": "swift-argument-parser",
        "repositoryURL": "https://github.com/apple/swift-argument-parser.git",
        "state": {
          "branch": null,
          "revision": "e1465042f195f374b94f915ba8ca49de24300a0d",
          "version": "1.0.2"
        }
      },
      {
        "package": "XestiPath",
        "repositoryURL": "https://github.com/eBardX/XestiPath.git",
        "state": {
          "branch": null,
          "revision": "30eab117f1c7dc61bfb86574faf55cbb3eded904",
          "version": "1.0.3"
        }
      },
      {
        "package": "XestiText",
        "repositoryURL": "https://github.com/eBardX/XestiText.git",
        "state": {
          "branch": null,
          "revision": "6a4dd44b5aedfbd2af85f2556de3dea56f43fdbf",
          "version": "1.2.0"
        }
      }
    ]
  },
  "version": 1
}
