{
  "originHash" : "9f989410e0a4c2fda3fff8d894b15a2f1891868857ef25e11f23837f961cf29d",
  "pins" : [
    {
      "identity" : "swift-argument-parser",
      "kind" : "remoteSourceControl",
      "location" : "https://github.com/apple/swift-argument-parser.git",
      "state" : {
        "revision" : "5e0406d68a4937f21ae5f670b8f89dad1d156a1c",
        "version" : "1.8.0"
      }
    },
    {
      "identity" : "xestitext",
      "kind" : "remoteSourceControl",
      "location" : "https://github.com/eBardX/XestiText.git",
      "state" : {
        "revision" : "a7eb4d59c0309e91e3a4680c9e7f87765b003217",
        "version" : "4.0.4"
      }
    },
    {
      "identity" : "zipfoundation",
      "kind" : "remoteSourceControl",
      "location" : "https://github.com/weichsel/ZIPFoundation.git",
      "state" : {
        "revision" : "22787ffb59de99e5dc1fbfe80b19c97a904ad48d",
        "version" : "0.9.20"
      }
    }
  ],
  "version" : 3
}
